
Microsoft Visual Studio Solution File, Format Version 12.00
# Visual Studio Version 16
VisualStudioVersion = 16.0.31402.337
MinimumVisualStudioVersion = 10.0.40219.1
Project("{FAE04EC0-301F-11D3-BF4B-00C04F79EFBC}") = "SharpLnkGui", "SharpLnkGui.csproj", "{75EEE932-721C-4D05-99FD-DD6BED131A2F}"
EndProject
Global
	GlobalSection(SolutionConfigurationPlatforms) = preSolution
		Debug|Any CPU = Debug|Any CPU
		Release|Any CPU = Release|Any CPU
	EndGlobalSection
	GlobalSection(ProjectConfigurationPlatforms) = postSolution
		{75EEE932-721C-4D05-99FD-DD6BED131A2F}.Debug|Any CPU.ActiveCfg = Debug|Any CPU
		{75EEE932-721C-4D05-99FD-DD6BED131A2F}.Debug|Any CPU.Build.0 = Debug|Any CPU
		{75EEE932-721C-4D05-99FD-DD6BED131A2F}.Release|Any CPU.ActiveCfg = Release|Any CPU
		{75EEE932-721C-4D05-99FD-DD6BED131A2F}.Release|Any CPU.Build.0 = Release|Any CPU
	EndGlobalSection
	GlobalSection(SolutionProperties) = preSolution
		HideSolutionNode = FALSE
	EndGlobalSection
	GlobalSection(ExtensibilityGlobals) = postSolution
		SolutionGuid = {40BBDD68-7B14-48F7-91C4-67321E3FB9DD}
	EndGlobalSection
EndGlobal
